
Microsoft Visual Studio Solution File, Format Version 12.00
# Visual Studio Version 17
VisualStudioVersion = 17.3.32819.101
MinimumVisualStudioVersion = 10.0.40219.1
Project("{FAE04EC0-301F-11D3-BF4B-00C04F79EFBC}") = "WebApi_Zapateria", "WebApi_Zapateria\WebApi_Zapateria.csproj", "{A80110C2-6BE0-43EE-BC4A-E97F1E177647}"
EndProject
Global
	GlobalSection(SolutionConfigurationPlatforms) = preSolution
		Debug|Any CPU = Debug|Any CPU
		Release|Any CPU = Release|Any CPU
	EndGlobalSection
	GlobalSection(ProjectConfigurationPlatforms) = postSolution
		{A80110C2-6BE0-43EE-BC4A-E97F1E177647}.Debug|Any CPU.ActiveCfg = Debug|Any CPU
		{A80110C2-6BE0-43EE-BC4A-E97F1E177647}.Debug|Any CPU.Build.0 = Debug|Any CPU
		{A80110C2-6BE0-43EE-BC4A-E97F1E177647}.Release|Any CPU.ActiveCfg = Release|Any CPU
		{A80110C2-6BE0-43EE-BC4A-E97F1E177647}.Release|Any CPU.Build.0 = Release|Any CPU
	EndGlobalSection
	GlobalSection(SolutionProperties) = preSolution
		HideSolutionNode = FALSE
	EndGlobalSection
	GlobalSection(ExtensibilityGlobals) = postSolution
		SolutionGuid = {0E773A4B-082D-467A-978D-D56882D50C83}
	EndGlobalSection
EndGlobal
